
Microsoft Visual Studio Solution File, Format Version 12.00
# Visual Studio 15
VisualStudioVersion = 15.0.28010.2036
MinimumVisualStudioVersion = 10.0.40219.1
Project("{FAE04EC0-301F-11D3-BF4B-00C04F79EFBC}") = "ToLower", "ToLower\ToLower.csproj", "{296F6F99-13D3-4EEF-8993-4A703E9F72BD}"
EndProject
Global
	GlobalSection(SolutionConfigurationPlatforms) = preSolution
		Debug|Any CPU = Debug|Any CPU
		Release|Any CPU = Release|Any CPU
	EndGlobalSection
	GlobalSection(ProjectConfigurationPlatforms) = postSolution
		{296F6F99-13D3-4EEF-8993-4A703E9F72BD}.Debug|Any CPU.ActiveCfg = Debug|Any CPU
		{296F6F99-13D3-4EEF-8993-4A703E9F72BD}.Debug|Any CPU.Build.0 = Debug|Any CPU
		{296F6F99-13D3-4EEF-8993-4A703E9F72BD}.Release|Any CPU.ActiveCfg = Release|Any CPU
		{296F6F99-13D3-4EEF-8993-4A703E9F72BD}.Release|Any CPU.Build.0 = Release|Any CPU
	EndGlobalSection
	GlobalSection(SolutionProperties) = preSolution
		HideSolutionNode = FALSE
	EndGlobalSection
	GlobalSection(ExtensibilityGlobals) = postSolution
		SolutionGuid = {F4F8CA83-CFBA-4591-988C-667AC5CFB5B6}
	EndGlobalSection
EndGlobal
