
Microsoft Visual Studio Solution File, Format Version 12.00
# Visual Studio 15
VisualStudioVersion = 15.0.28307.271
MinimumVisualStudioVersion = 10.0.40219.1
Project("{FAE04EC0-301F-11D3-BF4B-00C04F79EFBC}") = "Part1UnionConnected", "Part1UnionConnected\Part1UnionConnected.csproj", "{C336FC0A-EF8F-42B6-A2AE-CCA8BB74A65F}"
EndProject
Global
	GlobalSection(SolutionConfigurationPlatforms) = preSolution
		Debug|Any CPU = Debug|Any CPU
		Release|Any CPU = Release|Any CPU
	EndGlobalSection
	GlobalSection(ProjectConfigurationPlatforms) = postSolution
		{C336FC0A-EF8F-42B6-A2AE-CCA8BB74A65F}.Debug|Any CPU.ActiveCfg = Debug|Any CPU
		{C336FC0A-EF8F-42B6-A2AE-CCA8BB74A65F}.Debug|Any CPU.Build.0 = Debug|Any CPU
		{C336FC0A-EF8F-42B6-A2AE-CCA8BB74A65F}.Release|Any CPU.ActiveCfg = Release|Any CPU
		{C336FC0A-EF8F-42B6-A2AE-CCA8BB74A65F}.Release|Any CPU.Build.0 = Release|Any CPU
	EndGlobalSection
	GlobalSection(SolutionProperties) = preSolution
		HideSolutionNode = FALSE
	EndGlobalSection
	GlobalSection(ExtensibilityGlobals) = postSolution
		SolutionGuid = {B18E3523-4FFF-4F98-A25B-558DB00A36C6}
	EndGlobalSection
EndGlobal
